
Microsoft Visual Studio Solution File, Format Version 12.00
# Visual Studio Version 17
VisualStudioVersion = 17.11.35303.130
MinimumVisualStudioVersion = 10.0.40219.1
Project("{2150E333-8FDC-42A3-9474-1A3956D46DE8}") = "Task0", "Task0", "{17968380-6652-48C8-B11F-1008A5A8A8C0}"
EndProject
Project("{9A19103F-16F7-4668-BE54-9A1E7A4F7556}") = "Tyuiu.SinitsinDV.Sprint6.Task0.V25.Lib", "Tyuiu.SinitsinDV.Sprint6.Task0.V25.Lib\Tyuiu.SinitsinDV.Sprint6.Task0.V25.Lib.csproj", "{99DE5E40-16CB-446A-95EB-0D2CDF27670C}"
EndProject
Project("{9A19103F-16F7-4668-BE54-9A1E7A4F7556}") = "Tyuiu.SinitsinDV.Sprint6.Task0.V25.Test", "Tyuiu.SinitsinDV.Sprint6.Task0.V25.Test\Tyuiu.SinitsinDV.Sprint6.Task0.V25.Test.csproj", "{06DA6D84-AB0A-4ADF-A9C6-AF8199A3FA62}"
EndProject
Project("{9A19103F-16F7-4668-BE54-9A1E7A4F7556}") = "Tyuiu.SinitsinDV.Sprint6.Task0.V25", "Tyuiu.SinitsinDV.Sprint6.Task0.V25\Tyuiu.SinitsinDV.Sprint6.Task0.V25.csproj", "{51A909FF-902F-4D33-9D97-9CA64343784F}"
EndProject
Project("{2150E333-8FDC-42A3-9474-1A3956D46DE8}") = "Task1", "Task1", "{76143EE6-780F-4692-AB33-70DB61089B71}"
EndProject
Project("{9A19103F-16F7-4668-BE54-9A1E7A4F7556}") = "Tyuiu.SinitsinDV.Sprint6.Task1.V5.Lib", "Tyuiu.SinitsinDV.Sprint6.Task1.V5.Lib\Tyuiu.SinitsinDV.Sprint6.Task1.V5.Lib.csproj", "{B1B639BF-0C67-4310-9DDC-8B25C739B6F1}"
EndProject
Project("{9A19103F-16F7-4668-BE54-9A1E7A4F7556}") = "Tyuiu.SinitsinDV.Sprint6.Task1.V5.Test", "Tyuiu.SinitsinDV.Sprint6.Task1.V5.Test\Tyuiu.SinitsinDV.Sprint6.Task1.V5.Test.csproj", "{A3C5F130-9B32-4B5F-86E2-A8C73B4AF5E8}"
EndProject
Project("{9A19103F-16F7-4668-BE54-9A1E7A4F7556}") = "Tyuiu.SinitsinDV.Sprint6.Task1.V5", "Tyuiu.SinitsinDV.Sprint6.Task1.V5\Tyuiu.SinitsinDV.Sprint6.Task1.V5.csproj", "{1DF8E607-53E6-4ADD-ABCF-9B340F0244C6}"
EndProject
Project("{2150E333-8FDC-42A3-9474-1A3956D46DE8}") = "Task2", "Task2", "{6037B6F2-6D8F-4314-A000-D052EA8FE85E}"
EndProject
Project("{9A19103F-16F7-4668-BE54-9A1E7A4F7556}") = "Tyuiu.SinitsinDV.Sprint6.Task2.V8.Lib", "Tyuiu.SinitsinDV.Sprint6.Task2.V8.Lib\Tyuiu.SinitsinDV.Sprint6.Task2.V8.Lib.csproj", "{DD198030-631B-4F36-8480-DF5A8B2D3F84}"
EndProject
Project("{9A19103F-16F7-4668-BE54-9A1E7A4F7556}") = "Tyuiu.SinitsinDV.Sprint6.Task2.V8.Test", "Tyuiu.SinitsinDV.Sprint6.Task2.V8.Test\Tyuiu.SinitsinDV.Sprint6.Task2.V8.Test.csproj", "{39B4C6FB-B4CE-405F-A5DE-25166A7C83C4}"
EndProject
Project("{9A19103F-16F7-4668-BE54-9A1E7A4F7556}") = "Tyuiu.SinitsinDV.Sprint6.Task2.V8", "Tyuiu.SinitsinDV.Sprint6.Task2.V8\Tyuiu.SinitsinDV.Sprint6.Task2.V8.csproj", "{127F72E7-B942-47F3-B325-F367842D2C08}"
EndProject
Project("{2150E333-8FDC-42A3-9474-1A3956D46DE8}") = "Task3", "Task3", "{686D25E3-16CA-4A6C-BC72-63478B040E18}"
EndProject
Project("{9A19103F-16F7-4668-BE54-9A1E7A4F7556}") = "Tyuiu.SinitsinDV.Sprint6.Task3.V24.Lib", "Tyuiu.SinitsinDV.Sprint6.Task3.V24.Lib\Tyuiu.SinitsinDV.Sprint6.Task3.V24.Lib.csproj", "{491C5693-678B-4F9E-8143-6C467C8D996B}"
EndProject
Project("{9A19103F-16F7-4668-BE54-9A1E7A4F7556}") = "Tyuiu.SinitsinDV.Sprint6.Task3.V24.Test", "Tyuiu.SinitsinDV.Sprint6.Task3.V24.Test\Tyuiu.SinitsinDV.Sprint6.Task3.V24.Test.csproj", "{2D8A198F-AE30-4E82-B93C-3DFF42665FA6}"
EndProject
Project("{9A19103F-16F7-4668-BE54-9A1E7A4F7556}") = "Tyuiu.SinitsinDV.Sprint6.Task3.V24", "Tyuiu.SinitsinDV.Sprint6.Task3.V24\Tyuiu.SinitsinDV.Sprint6.Task3.V24.csproj", "{A7D12CA3-1DEC-4200-9E9A-9C831A37DF45}"
EndProject
Project("{2150E333-8FDC-42A3-9474-1A3956D46DE8}") = "Task4", "Task4", "{92416BC8-EA7B-46C8-9324-5B56080415C4}"
EndProject
Project("{9A19103F-16F7-4668-BE54-9A1E7A4F7556}") = "Tyuiu.SinitsinDV.Sprint6.Task4.V3.Lib", "Tyuiu.SinitsinDV.Sprint6.Task4.V3.Lib\Tyuiu.SinitsinDV.Sprint6.Task4.V3.Lib.csproj", "{B5DF025F-4FCC-4A23-96D6-68EAB5B8A2AA}"
EndProject
Project("{9A19103F-16F7-4668-BE54-9A1E7A4F7556}") = "Tyuiu.SinitsinDV.Sprint6.Task4.V3.Test", "Tyuiu.SinitsinDV.Sprint6.Task4.V3.Test\Tyuiu.SinitsinDV.Sprint6.Task4.V3.Test.csproj", "{8B89FCB3-1C00-4C10-931B-0B173A2190A5}"
EndProject
Project("{9A19103F-16F7-4668-BE54-9A1E7A4F7556}") = "Tyuiu.SinitsinDV.Sprint6.Task4.V3", "Tyuiu.SinitsinDV.Sprint6.Task4.V3\Tyuiu.SinitsinDV.Sprint6.Task4.V3.csproj", "{509AF628-CE08-4B72-AE17-9A877B04D3DA}"
EndProject
Project("{2150E333-8FDC-42A3-9474-1A3956D46DE8}") = "Task5", "Task5", "{0B620925-2778-40E5-8FFD-DE17C981E631}"
EndProject
Project("{FAE04EC0-301F-11D3-BF4B-00C04F79EFBC}") = "Tyuiu.SinitsinDV.Sprint6.Task5.V12.Lib", "Tyuiu.SinitsinDV.Sprint6.Task5.V12.Lib\Tyuiu.SinitsinDV.Sprint6.Task5.V12.Lib.csproj", "{D95B2F4D-2D67-443F-914F-BA000A7C8B1F}"
EndProject
Project("{FAE04EC0-301F-11D3-BF4B-00C04F79EFBC}") = "Tyuiu.SinitsinDV.Sprint6.Task5.V12.Test", "Tyuiu.SinitsinDV.Sprint6.Task5.V12.Test\Tyuiu.SinitsinDV.Sprint6.Task5.V12.Test.csproj", "{34D1FE71-2487-4166-860A-A6EE44BD1E82}"
EndProject
Project("{FAE04EC0-301F-11D3-BF4B-00C04F79EFBC}") = "Tyuiu.SinitsinDV.Sprint6.Task5.V12", "Tyuiu.SinitsinDV.Sprint6.Task5.V12\Tyuiu.SinitsinDV.Sprint6.Task5.V12.csproj", "{87AF6AD8-EC7E-43F8-BAD6-9E6A23DB4D0F}"
EndProject
Global
	GlobalSection(SolutionConfigurationPlatforms) = preSolution
		Debug|Any CPU = Debug|Any CPU
		Release|Any CPU = Release|Any CPU
	EndGlobalSection
	GlobalSection(ProjectConfigurationPlatforms) = postSolution
		{99DE5E40-16CB-446A-95EB-0D2CDF27670C}.Debug|Any CPU.ActiveCfg = Debug|Any CPU
		{99DE5E40-16CB-446A-95EB-0D2CDF27670C}.Debug|Any CPU.Build.0 = Debug|Any CPU
		{99DE5E40-16CB-446A-95EB-0D2CDF27670C}.Release|Any CPU.ActiveCfg = Release|Any CPU
		{99DE5E40-16CB-446A-95EB-0D2CDF27670C}.Release|Any CPU.Build.0 = Release|Any CPU
		{06DA6D84-AB0A-4ADF-A9C6-AF8199A3FA62}.Debug|Any CPU.ActiveCfg = Debug|Any CPU
		{06DA6D84-AB0A-4ADF-A9C6-AF8199A3FA62}.Debug|Any CPU.Build.0 = Debug|Any CPU
		{06DA6D84-AB0A-4ADF-A9C6-AF8199A3FA62}.Release|Any CPU.ActiveCfg = Release|Any CPU
		{06DA6D84-AB0A-4ADF-A9C6-AF8199A3FA62}.Release|Any CPU.Build.0 = Release|Any CPU
		{51A909FF-902F-4D33-9D97-9CA64343784F}.Debug|Any CPU.ActiveCfg = Debug|Any CPU
		{51A909FF-902F-4D33-9D97-9CA64343784F}.Debug|Any CPU.Build.0 = Debug|Any CPU
		{51A909FF-902F-4D33-9D97-9CA64343784F}.Release|Any CPU.ActiveCfg = Release|Any CPU
		{51A909FF-902F-4D33-9D97-9CA64343784F}.Release|Any CPU.Build.0 = Release|Any CPU
		{B1B639BF-0C67-4310-9DDC-8B25C739B6F1}.Debug|Any CPU.ActiveCfg = Debug|Any CPU
		{B1B639BF-0C67-4310-9DDC-8B25C739B6F1}.Debug|Any CPU.Build.0 = Debug|Any CPU
		{B1B639BF-0C67-4310-9DDC-8B25C739B6F1}.Release|Any CPU.ActiveCfg = Release|Any CPU
		{B1B639BF-0C67-4310-9DDC-8B25C739B6F1}.Release|Any CPU.Build.0 = Release|Any CPU
		{A3C5F130-9B32-4B5F-86E2-A8C73B4AF5E8}.Debug|Any CPU.ActiveCfg = Debug|Any CPU
		{A3C5F130-9B32-4B5F-86E2-A8C73B4AF5E8}.Debug|Any CPU.Build.0 = Debug|Any CPU
		{A3C5F130-9B32-4B5F-86E2-A8C73B4AF5E8}.Release|Any CPU.ActiveCfg = Release|Any CPU
		{A3C5F130-9B32-4B5F-86E2-A8C73B4AF5E8}.Release|Any CPU.Build.0 = Release|Any CPU
		{1DF8E607-53E6-4ADD-ABCF-9B340F0244C6}.Debug|Any CPU.ActiveCfg = Debug|Any CPU
		{1DF8E607-53E6-4ADD-ABCF-9B340F0244C6}.Debug|Any CPU.Build.0 = Debug|Any CPU
		{1DF8E607-53E6-4ADD-ABCF-9B340F0244C6}.Release|Any CPU.ActiveCfg = Release|Any CPU
		{1DF8E607-53E6-4ADD-ABCF-9B340F0244C6}.Release|Any CPU.Build.0 = Release|Any CPU
		{DD198030-631B-4F36-8480-DF5A8B2D3F84}.Debug|Any CPU.ActiveCfg = Debug|Any CPU
		{DD198030-631B-4F36-8480-DF5A8B2D3F84}.Debug|Any CPU.Build.0 = Debug|Any CPU
		{DD198030-631B-4F36-8480-DF5A8B2D3F84}.Release|Any CPU.ActiveCfg = Release|Any CPU
		{DD198030-631B-4F36-8480-DF5A8B2D3F84}.Release|Any CPU.Build.0 = Release|Any CPU
		{39B4C6FB-B4CE-405F-A5DE-25166A7C83C4}.Debug|Any CPU.ActiveCfg = Debug|Any CPU
		{39B4C6FB-B4CE-405F-A5DE-25166A7C83C4}.Debug|Any CPU.Build.0 = Debug|Any CPU
		{39B4C6FB-B4CE-405F-A5DE-25166A7C83C4}.Release|Any CPU.ActiveCfg = Release|Any CPU
		{39B4C6FB-B4CE-405F-A5DE-25166A7C83C4}.Release|Any CPU.Build.0 = Release|Any CPU
		{127F72E7-B942-47F3-B325-F367842D2C08}.Debug|Any CPU.ActiveCfg = Debug|Any CPU
		{127F72E7-B942-47F3-B325-F367842D2C08}.Debug|Any CPU.Build.0 = Debug|Any CPU
		{127F72E7-B942-47F3-B325-F367842D2C08}.Release|Any CPU.ActiveCfg = Release|Any CPU
		{127F72E7-B942-47F3-B325-F367842D2C08}.Release|Any CPU.Build.0 = Release|Any CPU
		{491C5693-678B-4F9E-8143-6C467C8D996B}.Debug|Any CPU.ActiveCfg = Debug|Any CPU
		{491C5693-678B-4F9E-8143-6C467C8D996B}.Debug|Any CPU.Build.0 = Debug|Any CPU
		{491C5693-678B-4F9E-8143-6C467C8D996B}.Release|Any CPU.ActiveCfg = Release|Any CPU
		{491C5693-678B-4F9E-8143-6C467C8D996B}.Release|Any CPU.Build.0 = Release|Any CPU
		{2D8A198F-AE30-4E82-B93C-3DFF42665FA6}.Debug|Any CPU.ActiveCfg = Debug|Any CPU
		{2D8A198F-AE30-4E82-B93C-3DFF42665FA6}.Debug|Any CPU.Build.0 = Debug|Any CPU
		{2D8A198F-AE30-4E82-B93C-3DFF42665FA6}.Release|Any CPU.ActiveCfg = Release|Any CPU
		{2D8A198F-AE30-4E82-B93C-3DFF42665FA6}.Release|Any CPU.Build.0 = Release|Any CPU
		{A7D12CA3-1DEC-4200-9E9A-9C831A37DF45}.Debug|Any CPU.ActiveCfg = Debug|Any CPU
		{A7D12CA3-1DEC-4200-9E9A-9C831A37DF45}.Debug|Any CPU.Build.0 = Debug|Any CPU
		{A7D12CA3-1DEC-4200-9E9A-9C831A37DF45}.Release|Any CPU.ActiveCfg = Release|Any CPU
		{A7D12CA3-1DEC-4200-9E9A-9C831A37DF45}.Release|Any CPU.Build.0 = Release|Any CPU
		{B5DF025F-4FCC-4A23-96D6-68EAB5B8A2AA}.Debug|Any CPU.ActiveCfg = Debug|Any CPU
		{B5DF025F-4FCC-4A23-96D6-68EAB5B8A2AA}.Debug|Any CPU.Build.0 = Debug|Any CPU
		{B5DF025F-4FCC-4A23-96D6-68EAB5B8A2AA}.Release|Any CPU.ActiveCfg = Release|Any CPU
		{B5DF025F-4FCC-4A23-96D6-68EAB5B8A2AA}.Release|Any CPU.Build.0 = Release|Any CPU
		{8B89FCB3-1C00-4C10-931B-0B173A2190A5}.Debug|Any CPU.ActiveCfg = Debug|Any CPU
		{8B89FCB3-1C00-4C10-931B-0B173A2190A5}.Debug|Any CPU.Build.0 = Debug|Any CPU
		{8B89FCB3-1C00-4C10-931B-0B173A2190A5}.Release|Any CPU.ActiveCfg = Release|Any CPU
		{8B89FCB3-1C00-4C10-931B-0B173A2190A5}.Release|Any CPU.Build.0 = Release|Any CPU
		{509AF628-CE08-4B72-AE17-9A877B04D3DA}.Debug|Any CPU.ActiveCfg = Debug|Any CPU
		{509AF628-CE08-4B72-AE17-9A877B04D3DA}.Debug|Any CPU.Build.0 = Debug|Any CPU
		{509AF628-CE08-4B72-AE17-9A877B04D3DA}.Release|Any CPU.ActiveCfg = Release|Any CPU
		{509AF628-CE08-4B72-AE17-9A877B04D3DA}.Release|Any CPU.Build.0 = Release|Any CPU
		{D95B2F4D-2D67-443F-914F-BA000A7C8B1F}.Debug|Any CPU.ActiveCfg = Debug|Any CPU
		{D95B2F4D-2D67-443F-914F-BA000A7C8B1F}.Debug|Any CPU.Build.0 = Debug|Any CPU
		{D95B2F4D-2D67-443F-914F-BA000A7C8B1F}.Release|Any CPU.ActiveCfg = Release|Any CPU
		{D95B2F4D-2D67-443F-914F-BA000A7C8B1F}.Release|Any CPU.Build.0 = Release|Any CPU
		{34D1FE71-2487-4166-860A-A6EE44BD1E82}.Debug|Any CPU.ActiveCfg = Debug|Any CPU
		{34D1FE71-2487-4166-860A-A6EE44BD1E82}.Debug|Any CPU.Build.0 = Debug|Any CPU
		{34D1FE71-2487-4166-860A-A6EE44BD1E82}.Release|Any CPU.ActiveCfg = Release|Any CPU
		{34D1FE71-2487-4166-860A-A6EE44BD1E82}.Release|Any CPU.Build.0 = Release|Any CPU
		{87AF6AD8-EC7E-43F8-BAD6-9E6A23DB4D0F}.Debug|Any CPU.ActiveCfg = Debug|Any CPU
		{87AF6AD8-EC7E-43F8-BAD6-9E6A23DB4D0F}.Debug|Any CPU.Build.0 = Debug|Any CPU
		{87AF6AD8-EC7E-43F8-BAD6-9E6A23DB4D0F}.Release|Any CPU.ActiveCfg = Release|Any CPU
		{87AF6AD8-EC7E-43F8-BAD6-9E6A23DB4D0F}.Release|Any CPU.Build.0 = Release|Any CPU
	EndGlobalSection
	GlobalSection(SolutionProperties) = preSolution
		HideSolutionNode = FALSE
	EndGlobalSection
	GlobalSection(NestedProjects) = preSolution
		{99DE5E40-16CB-446A-95EB-0D2CDF27670C} = {17968380-6652-48C8-B11F-1008A5A8A8C0}
		{06DA6D84-AB0A-4ADF-A9C6-AF8199A3FA62} = {17968380-6652-48C8-B11F-1008A5A8A8C0}
		{51A909FF-902F-4D33-9D97-9CA64343784F} = {17968380-6652-48C8-B11F-1008A5A8A8C0}
		{B1B639BF-0C67-4310-9DDC-8B25C739B6F1} = {76143EE6-780F-4692-AB33-70DB61089B71}
		{A3C5F130-9B32-4B5F-86E2-A8C73B4AF5E8} = {76143EE6-780F-4692-AB33-70DB61089B71}
		{1DF8E607-53E6-4ADD-ABCF-9B340F0244C6} = {76143EE6-780F-4692-AB33-70DB61089B71}
		{DD198030-631B-4F36-8480-DF5A8B2D3F84} = {6037B6F2-6D8F-4314-A000-D052EA8FE85E}
		{39B4C6FB-B4CE-405F-A5DE-25166A7C83C4} = {6037B6F2-6D8F-4314-A000-D052EA8FE85E}
		{127F72E7-B942-47F3-B325-F367842D2C08} = {6037B6F2-6D8F-4314-A000-D052EA8FE85E}
		{491C5693-678B-4F9E-8143-6C467C8D996B} = {686D25E3-16CA-4A6C-BC72-63478B040E18}
		{2D8A198F-AE30-4E82-B93C-3DFF42665FA6} = {686D25E3-16CA-4A6C-BC72-63478B040E18}
		{A7D12CA3-1DEC-4200-9E9A-9C831A37DF45} = {686D25E3-16CA-4A6C-BC72-63478B040E18}
		{B5DF025F-4FCC-4A23-96D6-68EAB5B8A2AA} = {92416BC8-EA7B-46C8-9324-5B56080415C4}
		{8B89FCB3-1C00-4C10-931B-0B173A2190A5} = {92416BC8-EA7B-46C8-9324-5B56080415C4}
		{509AF628-CE08-4B72-AE17-9A877B04D3DA} = {92416BC8-EA7B-46C8-9324-5B56080415C4}
		{D95B2F4D-2D67-443F-914F-BA000A7C8B1F} = {0B620925-2778-40E5-8FFD-DE17C981E631}
		{34D1FE71-2487-4166-860A-A6EE44BD1E82} = {0B620925-2778-40E5-8FFD-DE17C981E631}
		{87AF6AD8-EC7E-43F8-BAD6-9E6A23DB4D0F} = {0B620925-2778-40E5-8FFD-DE17C981E631}
	EndGlobalSection
	GlobalSection(ExtensibilityGlobals) = postSolution
		SolutionGuid = {7B9AAB50-FCB7-4C4C-BEE5-B58A548D5D8C}
	EndGlobalSection
EndGlobal
