
Microsoft Visual Studio Solution File, Format Version 12.00
# Visual Studio Version 17
VisualStudioVersion = 17.11.35303.130
MinimumVisualStudioVersion = 10.0.40219.1
Project("{2150E333-8FDC-42A3-9474-1A3956D46DE8}") = "Task0", "Task0", "{17968380-6652-48C8-B11F-1008A5A8A8C0}"
EndProject
Project("{9A19103F-16F7-4668-BE54-9A1E7A4F7556}") = "Tyuiu.SinitsinDV.Sprint6.Task0.V25.Lib", "Tyuiu.SinitsinDV.Sprint6.Task0.V25.Lib\Tyuiu.SinitsinDV.Sprint6.Task0.V25.Lib.csproj", "{99DE5E40-16CB-446A-95EB-0D2CDF27670C}"
EndProject
Project("{9A19103F-16F7-4668-BE54-9A1E7A4F7556}") = "Tyuiu.SinitsinDV.Sprint6.Task0.V25.Test", "Tyuiu.SinitsinDV.Sprint6.Task0.V25.Test\Tyuiu.SinitsinDV.Sprint6.Task0.V25.Test.csproj", "{06DA6D84-AB0A-4ADF-A9C6-AF8199A3FA62}"
EndProject
Project("{9A19103F-16F7-4668-BE54-9A1E7A4F7556}") = "Tyuiu.SinitsinDV.Sprint6.Task0.V25", "Tyuiu.SinitsinDV.Sprint6.Task0.V25\Tyuiu.SinitsinDV.Sprint6.Task0.V25.csproj", "{51A909FF-902F-4D33-9D97-9CA64343784F}"
EndProject
Project("{2150E333-8FDC-42A3-9474-1A3956D46DE8}") = "Task1", "Task1", "{76143EE6-780F-4692-AB33-70DB61089B71}"
EndProject
Project("{FAE04EC0-301F-11D3-BF4B-00C04F79EFBC}") = "Tyuiu.SinitsinDV.Sprint6.Task1.V5.Lib", "Tyuiu.SinitsinDV.Sprint6.Task1.V5.Lib\Tyuiu.SinitsinDV.Sprint6.Task1.V5.Lib.csproj", "{B1B639BF-0C67-4310-9DDC-8B25C739B6F1}"
EndProject
Project("{FAE04EC0-301F-11D3-BF4B-00C04F79EFBC}") = "Tyuiu.SinitsinDV.Sprint6.Task1.V5.Test", "Tyuiu.SinitsinDV.Sprint6.Task1.V5.Test\Tyuiu.SinitsinDV.Sprint6.Task1.V5.Test.csproj", "{A3C5F130-9B32-4B5F-86E2-A8C73B4AF5E8}"
EndProject
Project("{FAE04EC0-301F-11D3-BF4B-00C04F79EFBC}") = "Tyuiu.SinitsinDV.Sprint6.Task1.V5", "Tyuiu.SinitsinDV.Sprint6.Task1.V5\Tyuiu.SinitsinDV.Sprint6.Task1.V5.csproj", "{1DF8E607-53E6-4ADD-ABCF-9B340F0244C6}"
EndProject
Global
	GlobalSection(SolutionConfigurationPlatforms) = preSolution
		Debug|Any CPU = Debug|Any CPU
		Release|Any CPU = Release|Any CPU
	EndGlobalSection
	GlobalSection(ProjectConfigurationPlatforms) = postSolution
		{99DE5E40-16CB-446A-95EB-0D2CDF27670C}.Debug|Any CPU.ActiveCfg = Debug|Any CPU
		{99DE5E40-16CB-446A-95EB-0D2CDF27670C}.Debug|Any CPU.Build.0 = Debug|Any CPU
		{99DE5E40-16CB-446A-95EB-0D2CDF27670C}.Release|Any CPU.ActiveCfg = Release|Any CPU
		{99DE5E40-16CB-446A-95EB-0D2CDF27670C}.Release|Any CPU.Build.0 = Release|Any CPU
		{06DA6D84-AB0A-4ADF-A9C6-AF8199A3FA62}.Debug|Any CPU.ActiveCfg = Debug|Any CPU
		{06DA6D84-AB0A-4ADF-A9C6-AF8199A3FA62}.Debug|Any CPU.Build.0 = Debug|Any CPU
		{06DA6D84-AB0A-4ADF-A9C6-AF8199A3FA62}.Release|Any CPU.ActiveCfg = Release|Any CPU
		{06DA6D84-AB0A-4ADF-A9C6-AF8199A3FA62}.Release|Any CPU.Build.0 = Release|Any CPU
		{51A909FF-902F-4D33-9D97-9CA64343784F}.Debug|Any CPU.ActiveCfg = Debug|Any CPU
		{51A909FF-902F-4D33-9D97-9CA64343784F}.Debug|Any CPU.Build.0 = Debug|Any CPU
		{51A909FF-902F-4D33-9D97-9CA64343784F}.Release|Any CPU.ActiveCfg = Release|Any CPU
		{51A909FF-902F-4D33-9D97-9CA64343784F}.Release|Any CPU.Build.0 = Release|Any CPU
		{B1B639BF-0C67-4310-9DDC-8B25C739B6F1}.Debug|Any CPU.ActiveCfg = Debug|Any CPU
		{B1B639BF-0C67-4310-9DDC-8B25C739B6F1}.Debug|Any CPU.Build.0 = Debug|Any CPU
		{B1B639BF-0C67-4310-9DDC-8B25C739B6F1}.Release|Any CPU.ActiveCfg = Release|Any CPU
		{B1B639BF-0C67-4310-9DDC-8B25C739B6F1}.Release|Any CPU.Build.0 = Release|Any CPU
		{A3C5F130-9B32-4B5F-86E2-A8C73B4AF5E8}.Debug|Any CPU.ActiveCfg = Debug|Any CPU
		{A3C5F130-9B32-4B5F-86E2-A8C73B4AF5E8}.Debug|Any CPU.Build.0 = Debug|Any CPU
		{A3C5F130-9B32-4B5F-86E2-A8C73B4AF5E8}.Release|Any CPU.ActiveCfg = Release|Any CPU
		{A3C5F130-9B32-4B5F-86E2-A8C73B4AF5E8}.Release|Any CPU.Build.0 = Release|Any CPU
		{1DF8E607-53E6-4ADD-ABCF-9B340F0244C6}.Debug|Any CPU.ActiveCfg = Debug|Any CPU
		{1DF8E607-53E6-4ADD-ABCF-9B340F0244C6}.Debug|Any CPU.Build.0 = Debug|Any CPU
		{1DF8E607-53E6-4ADD-ABCF-9B340F0244C6}.Release|Any CPU.ActiveCfg = Release|Any CPU
		{1DF8E607-53E6-4ADD-ABCF-9B340F0244C6}.Release|Any CPU.Build.0 = Release|Any CPU
	EndGlobalSection
	GlobalSection(SolutionProperties) = preSolution
		HideSolutionNode = FALSE
	EndGlobalSection
	GlobalSection(NestedProjects) = preSolution
		{99DE5E40-16CB-446A-95EB-0D2CDF27670C} = {17968380-6652-48C8-B11F-1008A5A8A8C0}
		{06DA6D84-AB0A-4ADF-A9C6-AF8199A3FA62} = {17968380-6652-48C8-B11F-1008A5A8A8C0}
		{51A909FF-902F-4D33-9D97-9CA64343784F} = {17968380-6652-48C8-B11F-1008A5A8A8C0}
		{B1B639BF-0C67-4310-9DDC-8B25C739B6F1} = {76143EE6-780F-4692-AB33-70DB61089B71}
		{A3C5F130-9B32-4B5F-86E2-A8C73B4AF5E8} = {76143EE6-780F-4692-AB33-70DB61089B71}
		{1DF8E607-53E6-4ADD-ABCF-9B340F0244C6} = {76143EE6-780F-4692-AB33-70DB61089B71}
	EndGlobalSection
	GlobalSection(ExtensibilityGlobals) = postSolution
		SolutionGuid = {7B9AAB50-FCB7-4C4C-BEE5-B58A548D5D8C}
	EndGlobalSection
EndGlobal
